
Microsoft Visual Studio Solution File, Format Version 12.00
# Visual Studio Version 17
VisualStudioVersion = 17.6.33829.357
MinimumVisualStudioVersion = 10.0.40219.1
Project("{FAE04EC0-301F-11D3-BF4B-00C04F79EFBC}") = "UIToolQAApp", "UIToolQAApp.csproj", "{62266C6A-8808-44F1-9ACB-36CA7C61A674}"
EndProject
Global
	GlobalSection(SolutionConfigurationPlatforms) = preSolution
		Debug|Any CPU = Debug|Any CPU
		Release|Any CPU = Release|Any CPU
	EndGlobalSection
	GlobalSection(ProjectConfigurationPlatforms) = postSolution
		{62266C6A-8808-44F1-9ACB-36CA7C61A674}.Debug|Any CPU.ActiveCfg = Debug|Any CPU
		{62266C6A-8808-44F1-9ACB-36CA7C61A674}.Debug|Any CPU.Build.0 = Debug|Any CPU
		{62266C6A-8808-44F1-9ACB-36CA7C61A674}.Release|Any CPU.ActiveCfg = Release|Any CPU
		{62266C6A-8808-44F1-9ACB-36CA7C61A674}.Release|Any CPU.Build.0 = Release|Any CPU
	EndGlobalSection
	GlobalSection(SolutionProperties) = preSolution
		HideSolutionNode = FALSE
	EndGlobalSection
	GlobalSection(ExtensibilityGlobals) = postSolution
		SolutionGuid = {D510A823-F7AF-422D-8DBF-EAC2D333AEB8}
	EndGlobalSection
EndGlobal
